
Microsoft Visual Studio Solution File, Format Version 12.00
# Visual Studio Version 17
VisualStudioVersion = 17.6.33815.320
MinimumVisualStudioVersion = 10.0.40219.1
Project("{FAE04EC0-301F-11D3-BF4B-00C04F79EFBC}") = "OnlineBilet", "OnlineBilet\OnlineBilet.csproj", "{346936C6-AC58-4C61-ADCB-39036D7BB54D}"
EndProject
Global
	GlobalSection(SolutionConfigurationPlatforms) = preSolution
		Debug|Any CPU = Debug|Any CPU
		Release|Any CPU = Release|Any CPU
	EndGlobalSection
	GlobalSection(ProjectConfigurationPlatforms) = postSolution
		{346936C6-AC58-4C61-ADCB-39036D7BB54D}.Debug|Any CPU.ActiveCfg = Debug|Any CPU
		{346936C6-AC58-4C61-ADCB-39036D7BB54D}.Debug|Any CPU.Build.0 = Debug|Any CPU
		{346936C6-AC58-4C61-ADCB-39036D7BB54D}.Release|Any CPU.ActiveCfg = Release|Any CPU
		{346936C6-AC58-4C61-ADCB-39036D7BB54D}.Release|Any CPU.Build.0 = Release|Any CPU
	EndGlobalSection
	GlobalSection(SolutionProperties) = preSolution
		HideSolutionNode = FALSE
	EndGlobalSection
	GlobalSection(ExtensibilityGlobals) = postSolution
		SolutionGuid = {60C26860-E2EE-4554-99E4-389C1DBB74B0}
	EndGlobalSection
EndGlobal
